
Microsoft Visual Studio Solution File, Format Version 12.00
# Visual Studio 2012
Project("{FAE04EC0-301F-11D3-BF4B-00C04F79EFBC}") = "ICT13580039B", "ICT13580039B\ICT13580039B.csproj", "{F304B70F-85D5-4F98-857E-7AA85C2217FB}"
EndProject
Project("{FAE04EC0-301F-11D3-BF4B-00C04F79EFBC}") = "ICT13580039B.iOS", "iOS\ICT13580039B.iOS.csproj", "{4A006748-0D0B-441F-B7AD-E7784237FE23}"
EndProject
Project("{FAE04EC0-301F-11D3-BF4B-00C04F79EFBC}") = "ICT13580039B.Droid", "Droid\ICT13580039B.Droid.csproj", "{357FA580-A24D-4189-96CF-9D3A35F8A827}"
EndProject
Global
	GlobalSection(SolutionConfigurationPlatforms) = preSolution
		Debug|Any CPU = Debug|Any CPU
		Release|Any CPU = Release|Any CPU
		Debug|iPhoneSimulator = Debug|iPhoneSimulator
		Release|iPhone = Release|iPhone
		Release|iPhoneSimulator = Release|iPhoneSimulator
		Debug|iPhone = Debug|iPhone
	EndGlobalSection
	GlobalSection(ProjectConfigurationPlatforms) = postSolution
		{F304B70F-85D5-4F98-857E-7AA85C2217FB}.Debug|Any CPU.ActiveCfg = Debug|Any CPU
		{F304B70F-85D5-4F98-857E-7AA85C2217FB}.Debug|Any CPU.Build.0 = Debug|Any CPU
		{F304B70F-85D5-4F98-857E-7AA85C2217FB}.Release|Any CPU.ActiveCfg = Release|Any CPU
		{F304B70F-85D5-4F98-857E-7AA85C2217FB}.Release|Any CPU.Build.0 = Release|Any CPU
		{F304B70F-85D5-4F98-857E-7AA85C2217FB}.Debug|iPhoneSimulator.ActiveCfg = Debug|Any CPU
		{F304B70F-85D5-4F98-857E-7AA85C2217FB}.Debug|iPhoneSimulator.Build.0 = Debug|Any CPU
		{F304B70F-85D5-4F98-857E-7AA85C2217FB}.Release|iPhone.ActiveCfg = Release|Any CPU
		{F304B70F-85D5-4F98-857E-7AA85C2217FB}.Release|iPhone.Build.0 = Release|Any CPU
		{F304B70F-85D5-4F98-857E-7AA85C2217FB}.Release|iPhoneSimulator.ActiveCfg = Release|Any CPU
		{F304B70F-85D5-4F98-857E-7AA85C2217FB}.Release|iPhoneSimulator.Build.0 = Release|Any CPU
		{F304B70F-85D5-4F98-857E-7AA85C2217FB}.Debug|iPhone.ActiveCfg = Debug|Any CPU
		{F304B70F-85D5-4F98-857E-7AA85C2217FB}.Debug|iPhone.Build.0 = Debug|Any CPU
		{4A006748-0D0B-441F-B7AD-E7784237FE23}.Debug|Any CPU.ActiveCfg = Debug|iPhoneSimulator
		{4A006748-0D0B-441F-B7AD-E7784237FE23}.Debug|Any CPU.Build.0 = Debug|iPhoneSimulator
		{4A006748-0D0B-441F-B7AD-E7784237FE23}.Release|Any CPU.ActiveCfg = Release|iPhone
		{4A006748-0D0B-441F-B7AD-E7784237FE23}.Release|Any CPU.Build.0 = Release|iPhone
		{4A006748-0D0B-441F-B7AD-E7784237FE23}.Debug|iPhoneSimulator.ActiveCfg = Debug|iPhoneSimulator
		{4A006748-0D0B-441F-B7AD-E7784237FE23}.Debug|iPhoneSimulator.Build.0 = Debug|iPhoneSimulator
		{4A006748-0D0B-441F-B7AD-E7784237FE23}.Release|iPhone.ActiveCfg = Release|iPhone
		{4A006748-0D0B-441F-B7AD-E7784237FE23}.Release|iPhone.Build.0 = Release|iPhone
		{4A006748-0D0B-441F-B7AD-E7784237FE23}.Release|iPhoneSimulator.ActiveCfg = Release|iPhoneSimulator
		{4A006748-0D0B-441F-B7AD-E7784237FE23}.Release|iPhoneSimulator.Build.0 = Release|iPhoneSimulator
		{4A006748-0D0B-441F-B7AD-E7784237FE23}.Debug|iPhone.ActiveCfg = Debug|iPhone
		{4A006748-0D0B-441F-B7AD-E7784237FE23}.Debug|iPhone.Build.0 = Debug|iPhone
		{357FA580-A24D-4189-96CF-9D3A35F8A827}.Debug|Any CPU.ActiveCfg = Debug|Any CPU
		{357FA580-A24D-4189-96CF-9D3A35F8A827}.Debug|Any CPU.Build.0 = Debug|Any CPU
		{357FA580-A24D-4189-96CF-9D3A35F8A827}.Release|Any CPU.ActiveCfg = Release|Any CPU
		{357FA580-A24D-4189-96CF-9D3A35F8A827}.Release|Any CPU.Build.0 = Release|Any CPU
		{357FA580-A24D-4189-96CF-9D3A35F8A827}.Debug|iPhoneSimulator.ActiveCfg = Debug|Any CPU
		{357FA580-A24D-4189-96CF-9D3A35F8A827}.Debug|iPhoneSimulator.Build.0 = Debug|Any CPU
		{357FA580-A24D-4189-96CF-9D3A35F8A827}.Release|iPhone.ActiveCfg = Release|Any CPU
		{357FA580-A24D-4189-96CF-9D3A35F8A827}.Release|iPhone.Build.0 = Release|Any CPU
		{357FA580-A24D-4189-96CF-9D3A35F8A827}.Release|iPhoneSimulator.ActiveCfg = Release|Any CPU
		{357FA580-A24D-4189-96CF-9D3A35F8A827}.Release|iPhoneSimulator.Build.0 = Release|Any CPU
		{357FA580-A24D-4189-96CF-9D3A35F8A827}.Debug|iPhone.ActiveCfg = Debug|Any CPU
		{357FA580-A24D-4189-96CF-9D3A35F8A827}.Debug|iPhone.Build.0 = Debug|Any CPU
	EndGlobalSection
EndGlobal
